// !$*UTF8*$!
{
	archiveVersion = 1;
	classes = {
	};
	objectVersion = 77;
	objects = {

/* Begin PBXContainerItemProxy section */
		7E5DF5792FA368E000032E7D /* PBXContainerItemProxy */ = {
			isa = PBXContainerItemProxy;
			containerPortal = 7E5DF5632FA368DF00032E7D /* Project object */;
			proxyType = 1;
			remoteGlobalIDString = 7E5DF56A2FA368DF00032E7D;
			remoteInfo = Macget;
		};
		7E5DF5832FA368E000032E7D /* PBXContainerItemProxy */ = {
			isa = PBXContainerItemProxy;
			containerPortal = 7E5DF5632FA368DF00032E7D /* Project object */;
			proxyType = 1;
			remoteGlobalIDString = 7E5DF56A2FA368DF00032E7D;
			remoteInfo = Macget;
		};
/* End PBXContainerItemProxy section */

/* Begin PBXFileReference section */
		7E5DF56B2FA368DF00032E7D /* Macget.app */ = {isa = PBXFileReference; explicitFileType = wrapper.application; includeInIndex = 0; path = Macget.app; sourceTree = BUILT_PRODUCTS_DIR; };
		7E5DF5782FA368E000032E7D /* MacgetTests.xctest */ = {isa = PBXFileReference; explicitFileType = wrapper.cfbundle; includeInIndex = 0; path = MacgetTests.xctest; sourceTree = BUILT_PRODUCTS_DIR; };
		7E5DF5822FA368E000032E7D /* MacgetUITests.xctest */ = {isa = PBXFileReference; explicitFileType = wrapper.cfbundle; includeInIndex = 0; path = MacgetUITests.xctest; sourceTree = BUILT_PRODUCTS_DIR; };
/* End PBXFileReference section */

/* Begin PBXFileSystemSynchronizedBuildFileExceptionSet section */
		7E161ABC2FA37D1C000717E4 /* Exceptions for "Macget" folder in "Macget" target */ = {
			isa = PBXFileSystemSynchronizedBuildFileExceptionSet;
			membershipExceptions = (
				Resources/Info.plist,
			);
			target = 7E5DF56A2FA368DF00032E7D /* Macget */;
		};
/* End PBXFileSystemSynchronizedBuildFileExceptionSet section */

/* Begin PBXFileSystemSynchronizedRootGroup section */
		7E5DF56D2FA368DF00032E7D /* Macget */ = {
			isa = PBXFileSystemSynchronizedRootGroup;
			exceptions = (
				7E161ABC2FA37D1C000717E4 /* Exceptions for "Macget" folder in "Macget" target */,
			);
			path = Macget;
			sourceTree = "<group>";
		};
		7E5DF57B2FA368E000032E7D /* MacgetTests */ = {
			isa = PBXFileSystemSynchronizedRootGroup;
			path = MacgetTests;
			sourceTree = "<group>";
		};
		7E5DF5852FA368E000032E7D /* MacgetUITests */ = {
			isa = PBXFileSystemSynchronizedRootGroup;
			path = MacgetUITests;
			sourceTree = "<group>";
		};
/* End PBXFileSystemSynchronizedRootGroup section */

/* Begin PBXFrameworksBuildPhase section */
		7E5DF5682FA368DF00032E7D /* Frameworks */ = {
			isa = PBXFrameworksBuildPhase;
			buildActionMask = 2147483647;
			files = (
			);
			runOnlyForDeploymentPostprocessing = 0;
		};
		7E5DF5752FA368E000032E7D /* Frameworks */ = {
			isa = PBXFrameworksBuildPhase;
			buildActionMask = 2147483647;
			files = (
			);
			runOnlyForDeploymentPostprocessing = 0;
		};
		7E5DF57F2FA368E000032E7D /* Frameworks */ = {
			isa = PBXFrameworksBuildPhase;
			buildActionMask = 2147483647;
			files = (
			);
			runOnlyForDeploymentPostprocessing = 0;
		};
/* End PBXFrameworksBuildPhase section */

/* Begin PBXGroup section */
		7E5DF5622FA368DF00032E7D = {
			isa = PBXGroup;
			children = (
				7E5DF56D2FA368DF00032E7D /* Macget */,
				7E5DF57B2FA368E000032E7D /* MacgetTests */,
				7E5DF5852FA368E000032E7D /* MacgetUITests */,
				7E5DF56C2FA368DF00032E7D /* Products */,
			);
			sourceTree = "<group>";
		};
		7E5DF56C2FA368DF00032E7D /* Products */ = {
			isa = PBXGroup;
			children = (
				7E5DF56B2FA368DF00032E7D /* Macget.app */,
				7E5DF5782FA368E000032E7D /* MacgetTests.xctest */,
				7E5DF5822FA368E000032E7D /* MacgetUITests.xctest */,
			);
			name = Products;
			sourceTree = "<group>";
		};
/* End PBXGroup section */

/* Begin PBXNativeTarget section */
		7E5DF56A2FA368DF00032E7D /* Macget */ = {
			isa = PBXNativeTarget;
			buildConfigurationList = 7E5DF58C2FA368E000032E7D /* Build configuration list for PBXNativeTarget "Macget" */;
			buildPhases = (
				7E5DF5672FA368DF00032E7D /* Sources */,
				7E5DF5682FA368DF00032E7D /* Frameworks */,
				7E5DF5692FA368DF00032E7D /* Resources */,
				7E10C0DE2FB0000000000001 /* Compile MacgetCaptureHost */,
				7E10C0DE2FB0000000000002 /* Embed Media Tools */,
			);
			buildRules = (
			);
			dependencies = (
			);
			fileSystemSynchronizedGroups = (
				7E5DF56D2FA368DF00032E7D /* Macget */,
			);
			name = Macget;
			packageProductDependencies = (
			);
			productName = Macget;
			productReference = 7E5DF56B2FA368DF00032E7D /* Macget.app */;
			productType = "com.apple.product-type.application";
		};
		7E5DF5772FA368E000032E7D /* MacgetTests */ = {
			isa = PBXNativeTarget;
			buildConfigurationList = 7E5DF58F2FA368E000032E7D /* Build configuration list for PBXNativeTarget "MacgetTests" */;
			buildPhases = (
				7E5DF5742FA368E000032E7D /* Sources */,
				7E5DF5752FA368E000032E7D /* Frameworks */,
				7E5DF5762FA368E000032E7D /* Resources */,
			);
			buildRules = (
			);
			dependencies = (
				7E5DF57A2FA368E000032E7D /* PBXTargetDependency */,
			);
			fileSystemSynchronizedGroups = (
				7E5DF57B2FA368E000032E7D /* MacgetTests */,
			);
			name = MacgetTests;
			packageProductDependencies = (
			);
			productName = MacgetTests;
			productReference = 7E5DF5782FA368E000032E7D /* MacgetTests.xctest */;
			productType = "com.apple.product-type.bundle.unit-test";
		};
		7E5DF5812FA368E000032E7D /* MacgetUITests */ = {
			isa = PBXNativeTarget;
			buildConfigurationList = 7E5DF5922FA368E000032E7D /* Build configuration list for PBXNativeTarget "MacgetUITests" */;
			buildPhases = (
				7E5DF57E2FA368E000032E7D /* Sources */,
				7E5DF57F2FA368E000032E7D /* Frameworks */,
				7E5DF5802FA368E000032E7D /* Resources */,
			);
			buildRules = (
			);
			dependencies = (
				7E5DF5842FA368E000032E7D /* PBXTargetDependency */,
			);
			fileSystemSynchronizedGroups = (
				7E5DF5852FA368E000032E7D /* MacgetUITests */,
			);
			name = MacgetUITests;
			packageProductDependencies = (
			);
			productName = MacgetUITests;
			productReference = 7E5DF5822FA368E000032E7D /* MacgetUITests.xctest */;
			productType = "com.apple.product-type.bundle.ui-testing";
		};
/* End PBXNativeTarget section */

/* Begin PBXProject section */
		7E5DF5632FA368DF00032E7D /* Project object */ = {
			isa = PBXProject;
			attributes = {
				BuildIndependentTargetsInParallel = 1;
				LastSwiftUpdateCheck = 2640;
				LastUpgradeCheck = 2640;
				TargetAttributes = {
					7E5DF56A2FA368DF00032E7D = {
						CreatedOnToolsVersion = 26.4.1;
					};
					7E5DF5772FA368E000032E7D = {
						CreatedOnToolsVersion = 26.4.1;
						TestTargetID = 7E5DF56A2FA368DF00032E7D;
					};
					7E5DF5812FA368E000032E7D = {
						CreatedOnToolsVersion = 26.4.1;
						TestTargetID = 7E5DF56A2FA368DF00032E7D;
					};
				};
			};
			buildConfigurationList = 7E5DF5662FA368DF00032E7D /* Build configuration list for PBXProject "Macget" */;
			developmentRegion = en;
			hasScannedForEncodings = 0;
			knownRegions = (
				en,
				Base,
			);
			mainGroup = 7E5DF5622FA368DF00032E7D;
			minimizedProjectReferenceProxies = 1;
			preferredProjectObjectVersion = 77;
			productRefGroup = 7E5DF56C2FA368DF00032E7D /* Products */;
			projectDirPath = "";
			projectRoot = "";
			targets = (
				7E5DF56A2FA368DF00032E7D /* Macget */,
				7E5DF5772FA368E000032E7D /* MacgetTests */,
				7E5DF5812FA368E000032E7D /* MacgetUITests */,
			);
		};
/* End PBXProject section */

/* Begin PBXResourcesBuildPhase section */
		7E5DF5692FA368DF00032E7D /* Resources */ = {
			isa = PBXResourcesBuildPhase;
			buildActionMask = 2147483647;
			files = (
			);
			runOnlyForDeploymentPostprocessing = 0;
		};
		7E5DF5762FA368E000032E7D /* Resources */ = {
			isa = PBXResourcesBuildPhase;
			buildActionMask = 2147483647;
			files = (
			);
			runOnlyForDeploymentPostprocessing = 0;
		};
		7E5DF5802FA368E000032E7D /* Resources */ = {
			isa = PBXResourcesBuildPhase;
			buildActionMask = 2147483647;
			files = (
			);
			runOnlyForDeploymentPostprocessing = 0;
		};
/* End PBXResourcesBuildPhase section */

/* Begin PBXShellScriptBuildPhase section */
		7E10C0DE2FB0000000000001 /* Compile MacgetCaptureHost */ = {
			isa = PBXShellScriptBuildPhase;
			alwaysOutOfDate = 1;
			buildActionMask = 2147483647;
			files = (
			);
			inputPaths = (
				"$(SRCROOT)/MacgetCaptureHost/main.swift",
			);
			name = "Compile MacgetCaptureHost";
			outputPaths = (
				"$(TARGET_BUILD_DIR)/$(EXECUTABLE_FOLDER_PATH)/MacgetCaptureHost",
			);
			runOnlyForDeploymentPostprocessing = 0;
			shellPath = /bin/sh;
			shellScript = "if [ \"${ENABLE_PREVIEWS}\" = \"YES\" ]; then echo \"Skipping host compile for previews\"; exit 0; fi\nset -e\nOUT=\"${TARGET_BUILD_DIR}/${EXECUTABLE_FOLDER_PATH}/MacgetCaptureHost\"\nmkdir -p \"$(dirname \"${OUT}\")\"\nWORK=\"${TMPDIR}/macgethost\"\nrm -rf \"${WORK}\"\nmkdir -p \"${WORK}\"\nSLICES=\"\"\nfor ARCH in ${ARCHS}; do\n  xcrun swiftc -O -sdk \"${SDKROOT}\" -target \"${ARCH}-apple-macos${MACOSX_DEPLOYMENT_TARGET}\" \"${SRCROOT}/MacgetCaptureHost/main.swift\" -o \"${WORK}/host-${ARCH}\"\n  SLICES=\"${SLICES} ${WORK}/host-${ARCH}\"\ndone\nlipo -create ${SLICES} -output \"${WORK}/host\"\nIDENTITY=\"${EXPANDED_CODE_SIGN_IDENTITY:--}\"\ncodesign --force --options runtime --timestamp=none --sign \"${IDENTITY}\" \"${WORK}/host\"\ncp \"${WORK}/host\" \"${OUT}\"\n";
		};
		7E10C0DE2FB0000000000002 /* Embed Media Tools */ = {
			isa = PBXShellScriptBuildPhase;
			alwaysOutOfDate = 1;
			buildActionMask = 2147483647;
			files = (
			);
			inputPaths = (
				"$(SRCROOT)/Vendor/bin/yt-dlp",
				"$(SRCROOT)/Vendor/bin/ffmpeg",
				"$(SRCROOT)/Vendor/bin/ffprobe",
				"$(SRCROOT)/scripts/media-tool.entitlements",
			);
			name = "Embed Media Tools";
			outputPaths = (
				"$(TARGET_BUILD_DIR)/$(UNLOCALIZED_RESOURCES_FOLDER_PATH)/bin/yt-dlp",
				"$(TARGET_BUILD_DIR)/$(UNLOCALIZED_RESOURCES_FOLDER_PATH)/bin/ffmpeg",
				"$(TARGET_BUILD_DIR)/$(UNLOCALIZED_RESOURCES_FOLDER_PATH)/bin/ffprobe",
			);
			runOnlyForDeploymentPostprocessing = 0;
			shellPath = /bin/sh;
			shellScript = "if [ \"${ENABLE_PREVIEWS}\" = \"YES\" ]; then echo \"Skipping media tools embed for previews\"; exit 0; fi\nset -e\nSRC=\"${SRCROOT}/Vendor/bin\"\nif [ ! -d \"${SRC}\" ]; then echo \"note: ${SRC} not found — skipping media tools embed (run scripts/fetch-media-tools.sh to bundle yt-dlp/ffmpeg)\"; exit 0; fi\nDEST=\"${TARGET_BUILD_DIR}/${UNLOCALIZED_RESOURCES_FOLDER_PATH}/bin\"\nmkdir -p \"${DEST}\"\nWORK=\"${TMPDIR}/macget-mediatools\"\nrm -rf \"${WORK}\"\nmkdir -p \"${WORK}\"\nIDENTITY=\"${EXPANDED_CODE_SIGN_IDENTITY:--}\"\nEMBEDDED=0\nfor T in yt-dlp ffmpeg ffprobe; do\n  if [ -f \"${SRC}/${T}\" ]; then\n    cp -f \"${SRC}/${T}\" \"${WORK}/${T}\"\n    chmod +x \"${WORK}/${T}\"\n    codesign --force --options runtime --timestamp=none --entitlements \"${SRCROOT}/scripts/media-tool.entitlements\" --sign \"${IDENTITY}\" \"${WORK}/${T}\"\n    cp -f \"${WORK}/${T}\" \"${DEST}/${T}\"\n    EMBEDDED=$((EMBEDDED+1))\n  fi\ndone\necho \"Embedded ${EMBEDDED} media tool(s) into ${DEST}\"\n";
		};
/* End PBXShellScriptBuildPhase section */

/* Begin PBXSourcesBuildPhase section */
		7E5DF5672FA368DF00032E7D /* Sources */ = {
			isa = PBXSourcesBuildPhase;
			buildActionMask = 2147483647;
			files = (
			);
			runOnlyForDeploymentPostprocessing = 0;
		};
		7E5DF5742FA368E000032E7D /* Sources */ = {
			isa = PBXSourcesBuildPhase;
			buildActionMask = 2147483647;
			files = (
			);
			runOnlyForDeploymentPostprocessing = 0;
		};
		7E5DF57E2FA368E000032E7D /* Sources */ = {
			isa = PBXSourcesBuildPhase;
			buildActionMask = 2147483647;
			files = (
			);
			runOnlyForDeploymentPostprocessing = 0;
		};
/* End PBXSourcesBuildPhase section */

/* Begin PBXTargetDependency section */
		7E5DF57A2FA368E000032E7D /* PBXTargetDependency */ = {
			isa = PBXTargetDependency;
			target = 7E5DF56A2FA368DF00032E7D /* Macget */;
			targetProxy = 7E5DF5792FA368E000032E7D /* PBXContainerItemProxy */;
		};
		7E5DF5842FA368E000032E7D /* PBXTargetDependency */ = {
			isa = PBXTargetDependency;
			target = 7E5DF56A2FA368DF00032E7D /* Macget */;
			targetProxy = 7E5DF5832FA368E000032E7D /* PBXContainerItemProxy */;
		};
/* End PBXTargetDependency section */

/* Begin XCBuildConfiguration section */
		7E5DF58A2FA368E000032E7D /* Debug */ = {
			isa = XCBuildConfiguration;
			buildSettings = {
				ALWAYS_SEARCH_USER_PATHS = NO;
				ASSETCATALOG_COMPILER_GENERATE_SWIFT_ASSET_SYMBOL_EXTENSIONS = YES;
				CLANG_ANALYZER_NONNULL = YES;
				CLANG_ANALYZER_NUMBER_OBJECT_CONVERSION = YES_AGGRESSIVE;
				CLANG_CXX_LANGUAGE_STANDARD = "gnu++20";
				CLANG_ENABLE_MODULES = YES;
				CLANG_ENABLE_OBJC_ARC = YES;
				CLANG_ENABLE_OBJC_WEAK = YES;
				CLANG_WARN_BLOCK_CAPTURE_AUTORELEASING = YES;
				CLANG_WARN_BOOL_CONVERSION = YES;
				CLANG_WARN_COMMA = YES;
				CLANG_WARN_CONSTANT_CONVERSION = YES;
				CLANG_WARN_DEPRECATED_OBJC_IMPLEMENTATIONS = YES;
				CLANG_WARN_DIRECT_OBJC_ISA_USAGE = YES_ERROR;
				CLANG_WARN_DOCUMENTATION_COMMENTS = YES;
				CLANG_WARN_EMPTY_BODY = YES;
				CLANG_WARN_ENUM_CONVERSION = YES;
				CLANG_WARN_INFINITE_RECURSION = YES;
				CLANG_WARN_INT_CONVERSION = YES;
				CLANG_WARN_NON_LITERAL_NULL_CONVERSION = YES;
				CLANG_WARN_OBJC_IMPLICIT_RETAIN_SELF = YES;
				CLANG_WARN_OBJC_LITERAL_CONVERSION = YES;
				CLANG_WARN_OBJC_ROOT_CLASS = YES_ERROR;
				CLANG_WARN_QUOTED_INCLUDE_IN_FRAMEWORK_HEADER = YES;
				CLANG_WARN_RANGE_LOOP_ANALYSIS = YES;
				CLANG_WARN_STRICT_PROTOTYPES = YES;
				CLANG_WARN_SUSPICIOUS_MOVE = YES;
				CLANG_WARN_UNGUARDED_AVAILABILITY = YES_AGGRESSIVE;
				CLANG_WARN_UNREACHABLE_CODE = YES;
				CLANG_WARN__DUPLICATE_METHOD_MATCH = YES;
				COPY_PHASE_STRIP = NO;
				DEBUG_INFORMATION_FORMAT = dwarf;
				ENABLE_STRICT_OBJC_MSGSEND = YES;
				ENABLE_TESTABILITY = YES;
				ENABLE_USER_SCRIPT_SANDBOXING = YES;
				GCC_C_LANGUAGE_STANDARD = gnu17;
				GCC_DYNAMIC_NO_PIC = NO;
				GCC_NO_COMMON_BLOCKS = YES;
				GCC_OPTIMIZATION_LEVEL = 0;
				GCC_PREPROCESSOR_DEFINITIONS = (
					"DEBUG=1",
					"$(inherited)",
				);
				GCC_WARN_64_TO_32_BIT_CONVERSION = YES;
				GCC_WARN_ABOUT_RETURN_TYPE = YES_ERROR;
				GCC_WARN_UNDECLARED_SELECTOR = YES;
				GCC_WARN_UNINITIALIZED_AUTOS = YES_AGGRESSIVE;
				GCC_WARN_UNUSED_FUNCTION = YES;
				GCC_WARN_UNUSED_VARIABLE = YES;
				LOCALIZATION_PREFERS_STRING_CATALOGS = YES;
				MTL_ENABLE_DEBUG_INFO = INCLUDE_SOURCE;
				MTL_FAST_MATH = YES;
				ONLY_ACTIVE_ARCH = YES;
				SWIFT_ACTIVE_COMPILATION_CONDITIONS = "DEBUG $(inherited)";
				SWIFT_OPTIMIZATION_LEVEL = "-Onone";
			};
			name = Debug;
		};
		7E5DF58B2FA368E000032E7D /* Release */ = {
			isa = XCBuildConfiguration;
			buildSettings = {
				ALWAYS_SEARCH_USER_PATHS = NO;
				ASSETCATALOG_COMPILER_GENERATE_SWIFT_ASSET_SYMBOL_EXTENSIONS = YES;
				CLANG_ANALYZER_NONNULL = YES;
				CLANG_ANALYZER_NUMBER_OBJECT_CONVERSION = YES_AGGRESSIVE;
				CLANG_CXX_LANGUAGE_STANDARD = "gnu++20";
				CLANG_ENABLE_MODULES = YES;
				CLANG_ENABLE_OBJC_ARC = YES;
				CLANG_ENABLE_OBJC_WEAK = YES;
				CLANG_WARN_BLOCK_CAPTURE_AUTORELEASING = YES;
				CLANG_WARN_BOOL_CONVERSION = YES;
				CLANG_WARN_COMMA = YES;
				CLANG_WARN_CONSTANT_CONVERSION = YES;
				CLANG_WARN_DEPRECATED_OBJC_IMPLEMENTATIONS = YES;
				CLANG_WARN_DIRECT_OBJC_ISA_USAGE = YES_ERROR;
				CLANG_WARN_DOCUMENTATION_COMMENTS = YES;
				CLANG_WARN_EMPTY_BODY = YES;
				CLANG_WARN_ENUM_CONVERSION = YES;
				CLANG_WARN_INFINITE_RECURSION = YES;
				CLANG_WARN_INT_CONVERSION = YES;
				CLANG_WARN_NON_LITERAL_NULL_CONVERSION = YES;
				CLANG_WARN_OBJC_IMPLICIT_RETAIN_SELF = YES;
				CLANG_WARN_OBJC_LITERAL_CONVERSION = YES;
				CLANG_WARN_OBJC_ROOT_CLASS = YES_ERROR;
				CLANG_WARN_QUOTED_INCLUDE_IN_FRAMEWORK_HEADER = YES;
				CLANG_WARN_RANGE_LOOP_ANALYSIS = YES;
				CLANG_WARN_STRICT_PROTOTYPES = YES;
				CLANG_WARN_SUSPICIOUS_MOVE = YES;
				CLANG_WARN_UNGUARDED_AVAILABILITY = YES_AGGRESSIVE;
				CLANG_WARN_UNREACHABLE_CODE = YES;
				CLANG_WARN__DUPLICATE_METHOD_MATCH = YES;
				COPY_PHASE_STRIP = NO;
				DEBUG_INFORMATION_FORMAT = "dwarf-with-dsym";
				ENABLE_NS_ASSERTIONS = NO;
				ENABLE_STRICT_OBJC_MSGSEND = YES;
				ENABLE_USER_SCRIPT_SANDBOXING = YES;
				GCC_C_LANGUAGE_STANDARD = gnu17;
				GCC_NO_COMMON_BLOCKS = YES;
				GCC_WARN_64_TO_32_BIT_CONVERSION = YES;
				GCC_WARN_ABOUT_RETURN_TYPE = YES_ERROR;
				GCC_WARN_UNDECLARED_SELECTOR = YES;
				GCC_WARN_UNINITIALIZED_AUTOS = YES_AGGRESSIVE;
				GCC_WARN_UNUSED_FUNCTION = YES;
				GCC_WARN_UNUSED_VARIABLE = YES;
				LOCALIZATION_PREFERS_STRING_CATALOGS = YES;
				MTL_ENABLE_DEBUG_INFO = NO;
				MTL_FAST_MATH = YES;
				SWIFT_COMPILATION_MODE = wholemodule;
			};
			name = Release;
		};
		7E5DF58D2FA368E000032E7D /* Debug */ = {
			isa = XCBuildConfiguration;
			buildSettings = {
				ASSETCATALOG_COMPILER_APPICON_NAME = AppIcon;
				ASSETCATALOG_COMPILER_GLOBAL_ACCENT_COLOR_NAME = AccentColor;
				CODE_SIGN_ENTITLEMENTS = Macget/Resources/Macget.entitlements;
				CODE_SIGN_STYLE = Automatic;
				CURRENT_PROJECT_VERSION = 1;
				ENABLE_APP_SANDBOX = NO;
				ENABLE_PREVIEWS = YES;
				ENABLE_USER_SELECTED_FILES = readonly;
				GENERATE_INFOPLIST_FILE = YES;
				INFOPLIST_FILE = Macget/Resources/Info.plist;
				"INFOPLIST_KEY_UIApplicationSceneManifest_Generation[sdk=iphoneos*]" = YES;
				"INFOPLIST_KEY_UIApplicationSceneManifest_Generation[sdk=iphonesimulator*]" = YES;
				"INFOPLIST_KEY_UIApplicationSupportsIndirectInputEvents[sdk=iphoneos*]" = YES;
				"INFOPLIST_KEY_UIApplicationSupportsIndirectInputEvents[sdk=iphonesimulator*]" = YES;
				"INFOPLIST_KEY_UILaunchScreen_Generation[sdk=iphoneos*]" = YES;
				"INFOPLIST_KEY_UILaunchScreen_Generation[sdk=iphonesimulator*]" = YES;
				"INFOPLIST_KEY_UIStatusBarStyle[sdk=iphoneos*]" = UIStatusBarStyleDefault;
				"INFOPLIST_KEY_UIStatusBarStyle[sdk=iphonesimulator*]" = UIStatusBarStyleDefault;
				INFOPLIST_KEY_UISupportedInterfaceOrientations_iPad = "UIInterfaceOrientationPortrait UIInterfaceOrientationPortraitUpsideDown UIInterfaceOrientationLandscapeLeft UIInterfaceOrientationLandscapeRight";
				INFOPLIST_KEY_UISupportedInterfaceOrientations_iPhone = "UIInterfaceOrientationPortrait UIInterfaceOrientationLandscapeLeft UIInterfaceOrientationLandscapeRight";
				IPHONEOS_DEPLOYMENT_TARGET = 26.4;
				LD_RUNPATH_SEARCH_PATHS = "@executable_path/Frameworks";
				"LD_RUNPATH_SEARCH_PATHS[sdk=macosx*]" = "@executable_path/../Frameworks";
				MACOSX_DEPLOYMENT_TARGET = 26.4;
				MARKETING_VERSION = 1.0;
				PRODUCT_BUNDLE_IDENTIFIER = com.suryansh.Macget;
				PRODUCT_NAME = "$(TARGET_NAME)";
				REGISTER_APP_GROUPS = YES;
				SDKROOT = auto;
				STRING_CATALOG_GENERATE_SYMBOLS = YES;
				SUPPORTED_PLATFORMS = "iphoneos iphonesimulator macosx xros xrsimulator";
				SWIFT_APPROACHABLE_CONCURRENCY = NO;
				SWIFT_DEFAULT_ACTOR_ISOLATION = nonisolated;
				SWIFT_EMIT_LOC_STRINGS = YES;
				SWIFT_UPCOMING_FEATURE_MEMBER_IMPORT_VISIBILITY = YES;
				SWIFT_VERSION = 5.0;
				TARGETED_DEVICE_FAMILY = "1,2,7";
				XROS_DEPLOYMENT_TARGET = 26.4;
			};
			name = Debug;
		};
		7E5DF58E2FA368E000032E7D /* Release */ = {
			isa = XCBuildConfiguration;
			buildSettings = {
				ASSETCATALOG_COMPILER_APPICON_NAME = AppIcon;
				ASSETCATALOG_COMPILER_GLOBAL_ACCENT_COLOR_NAME = AccentColor;
				CODE_SIGN_ENTITLEMENTS = Macget/Resources/Macget.entitlements;
				CODE_SIGN_STYLE = Automatic;
				CURRENT_PROJECT_VERSION = 1;
				ENABLE_APP_SANDBOX = NO;
				ENABLE_PREVIEWS = YES;
				ENABLE_USER_SELECTED_FILES = readonly;
				GENERATE_INFOPLIST_FILE = YES;
				INFOPLIST_FILE = Macget/Resources/Info.plist;
				"INFOPLIST_KEY_UIApplicationSceneManifest_Generation[sdk=iphoneos*]" = YES;
				"INFOPLIST_KEY_UIApplicationSceneManifest_Generation[sdk=iphonesimulator*]" = YES;
				"INFOPLIST_KEY_UIApplicationSupportsIndirectInputEvents[sdk=iphoneos*]" = YES;
				"INFOPLIST_KEY_UIApplicationSupportsIndirectInputEvents[sdk=iphonesimulator*]" = YES;
				"INFOPLIST_KEY_UILaunchScreen_Generation[sdk=iphoneos*]" = YES;
				"INFOPLIST_KEY_UILaunchScreen_Generation[sdk=iphonesimulator*]" = YES;
				"INFOPLIST_KEY_UIStatusBarStyle[sdk=iphoneos*]" = UIStatusBarStyleDefault;
				"INFOPLIST_KEY_UIStatusBarStyle[sdk=iphonesimulator*]" = UIStatusBarStyleDefault;
				INFOPLIST_KEY_UISupportedInterfaceOrientations_iPad = "UIInterfaceOrientationPortrait UIInterfaceOrientationPortraitUpsideDown UIInterfaceOrientationLandscapeLeft UIInterfaceOrientationLandscapeRight";
				INFOPLIST_KEY_UISupportedInterfaceOrientations_iPhone = "UIInterfaceOrientationPortrait UIInterfaceOrientationLandscapeLeft UIInterfaceOrientationLandscapeRight";
				IPHONEOS_DEPLOYMENT_TARGET = 26.4;
				LD_RUNPATH_SEARCH_PATHS = "@executable_path/Frameworks";
				"LD_RUNPATH_SEARCH_PATHS[sdk=macosx*]" = "@executable_path/../Frameworks";
				MACOSX_DEPLOYMENT_TARGET = 26.4;
				MARKETING_VERSION = 1.0;
				PRODUCT_BUNDLE_IDENTIFIER = com.suryansh.Macget;
				PRODUCT_NAME = "$(TARGET_NAME)";
				REGISTER_APP_GROUPS = YES;
				SDKROOT = auto;
				STRING_CATALOG_GENERATE_SYMBOLS = YES;
				SUPPORTED_PLATFORMS = "iphoneos iphonesimulator macosx xros xrsimulator";
				SWIFT_APPROACHABLE_CONCURRENCY = NO;
				SWIFT_DEFAULT_ACTOR_ISOLATION = nonisolated;
				SWIFT_EMIT_LOC_STRINGS = YES;
				SWIFT_UPCOMING_FEATURE_MEMBER_IMPORT_VISIBILITY = YES;
				SWIFT_VERSION = 5.0;
				TARGETED_DEVICE_FAMILY = "1,2,7";
				XROS_DEPLOYMENT_TARGET = 26.4;
			};
			name = Release;
		};
		7E5DF5902FA368E000032E7D /* Debug */ = {
			isa = XCBuildConfiguration;
			buildSettings = {
				BUNDLE_LOADER = "$(TEST_HOST)";
				CODE_SIGN_STYLE = Automatic;
				CURRENT_PROJECT_VERSION = 1;
				GENERATE_INFOPLIST_FILE = YES;
				IPHONEOS_DEPLOYMENT_TARGET = 26.4;
				MACOSX_DEPLOYMENT_TARGET = 26.4;
				MARKETING_VERSION = 1.0;
				PRODUCT_BUNDLE_IDENTIFIER = com.suryansh.MacgetTests;
				PRODUCT_NAME = "$(TARGET_NAME)";
				SDKROOT = auto;
				STRING_CATALOG_GENERATE_SYMBOLS = NO;
				SUPPORTED_PLATFORMS = "iphoneos iphonesimulator macosx xros xrsimulator";
				SWIFT_APPROACHABLE_CONCURRENCY = NO;
				SWIFT_EMIT_LOC_STRINGS = NO;
				SWIFT_UPCOMING_FEATURE_MEMBER_IMPORT_VISIBILITY = YES;
				SWIFT_VERSION = 5.0;
				TARGETED_DEVICE_FAMILY = "1,2,7";
				TEST_HOST = "$(BUILT_PRODUCTS_DIR)/Macget.app/$(BUNDLE_EXECUTABLE_FOLDER_PATH)/Macget";
				XROS_DEPLOYMENT_TARGET = 26.4;
			};
			name = Debug;
		};
		7E5DF5912FA368E000032E7D /* Release */ = {
			isa = XCBuildConfiguration;
			buildSettings = {
				BUNDLE_LOADER = "$(TEST_HOST)";
				CODE_SIGN_STYLE = Automatic;
				CURRENT_PROJECT_VERSION = 1;
				GENERATE_INFOPLIST_FILE = YES;
				IPHONEOS_DEPLOYMENT_TARGET = 26.4;
				MACOSX_DEPLOYMENT_TARGET = 26.4;
				MARKETING_VERSION = 1.0;
				PRODUCT_BUNDLE_IDENTIFIER = com.suryansh.MacgetTests;
				PRODUCT_NAME = "$(TARGET_NAME)";
				SDKROOT = auto;
				STRING_CATALOG_GENERATE_SYMBOLS = NO;
				SUPPORTED_PLATFORMS = "iphoneos iphonesimulator macosx xros xrsimulator";
				SWIFT_APPROACHABLE_CONCURRENCY = NO;
				SWIFT_EMIT_LOC_STRINGS = NO;
				SWIFT_UPCOMING_FEATURE_MEMBER_IMPORT_VISIBILITY = YES;
				SWIFT_VERSION = 5.0;
				TARGETED_DEVICE_FAMILY = "1,2,7";
				TEST_HOST = "$(BUILT_PRODUCTS_DIR)/Macget.app/$(BUNDLE_EXECUTABLE_FOLDER_PATH)/Macget";
				XROS_DEPLOYMENT_TARGET = 26.4;
			};
			name = Release;
		};
		7E5DF5932FA368E000032E7D /* Debug */ = {
			isa = XCBuildConfiguration;
			buildSettings = {
				CODE_SIGN_STYLE = Automatic;
				CURRENT_PROJECT_VERSION = 1;
				GENERATE_INFOPLIST_FILE = YES;
				IPHONEOS_DEPLOYMENT_TARGET = 26.4;
				MACOSX_DEPLOYMENT_TARGET = 26.4;
				MARKETING_VERSION = 1.0;
				PRODUCT_BUNDLE_IDENTIFIER = com.suryansh.MacgetUITests;
				PRODUCT_NAME = "$(TARGET_NAME)";
				SDKROOT = auto;
				STRING_CATALOG_GENERATE_SYMBOLS = NO;
				SUPPORTED_PLATFORMS = "iphoneos iphonesimulator macosx xros xrsimulator";
				SWIFT_APPROACHABLE_CONCURRENCY = NO;
				SWIFT_EMIT_LOC_STRINGS = NO;
				SWIFT_UPCOMING_FEATURE_MEMBER_IMPORT_VISIBILITY = YES;
				SWIFT_VERSION = 5.0;
				TARGETED_DEVICE_FAMILY = "1,2,7";
				TEST_TARGET_NAME = Macget;
				XROS_DEPLOYMENT_TARGET = 26.4;
			};
			name = Debug;
		};
		7E5DF5942FA368E000032E7D /* Release */ = {
			isa = XCBuildConfiguration;
			buildSettings = {
				CODE_SIGN_STYLE = Automatic;
				CURRENT_PROJECT_VERSION = 1;
				GENERATE_INFOPLIST_FILE = YES;
				IPHONEOS_DEPLOYMENT_TARGET = 26.4;
				MACOSX_DEPLOYMENT_TARGET = 26.4;
				MARKETING_VERSION = 1.0;
				PRODUCT_BUNDLE_IDENTIFIER = com.suryansh.MacgetUITests;
				PRODUCT_NAME = "$(TARGET_NAME)";
				SDKROOT = auto;
				STRING_CATALOG_GENERATE_SYMBOLS = NO;
				SUPPORTED_PLATFORMS = "iphoneos iphonesimulator macosx xros xrsimulator";
				SWIFT_APPROACHABLE_CONCURRENCY = NO;
				SWIFT_EMIT_LOC_STRINGS = NO;
				SWIFT_UPCOMING_FEATURE_MEMBER_IMPORT_VISIBILITY = YES;
				SWIFT_VERSION = 5.0;
				TARGETED_DEVICE_FAMILY = "1,2,7";
				TEST_TARGET_NAME = Macget;
				XROS_DEPLOYMENT_TARGET = 26.4;
			};
			name = Release;
		};
/* End XCBuildConfiguration section */

/* Begin XCConfigurationList section */
		7E5DF5662FA368DF00032E7D /* Build configuration list for PBXProject "Macget" */ = {
			isa = XCConfigurationList;
			buildConfigurations = (
				7E5DF58A2FA368E000032E7D /* Debug */,
				7E5DF58B2FA368E000032E7D /* Release */,
			);
			defaultConfigurationIsVisible = 0;
			defaultConfigurationName = Release;
		};
		7E5DF58C2FA368E000032E7D /* Build configuration list for PBXNativeTarget "Macget" */ = {
			isa = XCConfigurationList;
			buildConfigurations = (
				7E5DF58D2FA368E000032E7D /* Debug */,
				7E5DF58E2FA368E000032E7D /* Release */,
			);
			defaultConfigurationIsVisible = 0;
			defaultConfigurationName = Release;
		};
		7E5DF58F2FA368E000032E7D /* Build configuration list for PBXNativeTarget "MacgetTests" */ = {
			isa = XCConfigurationList;
			buildConfigurations = (
				7E5DF5902FA368E000032E7D /* Debug */,
				7E5DF5912FA368E000032E7D /* Release */,
			);
			defaultConfigurationIsVisible = 0;
			defaultConfigurationName = Release;
		};
		7E5DF5922FA368E000032E7D /* Build configuration list for PBXNativeTarget "MacgetUITests" */ = {
			isa = XCConfigurationList;
			buildConfigurations = (
				7E5DF5932FA368E000032E7D /* Debug */,
				7E5DF5942FA368E000032E7D /* Release */,
			);
			defaultConfigurationIsVisible = 0;
			defaultConfigurationName = Release;
		};
/* End XCConfigurationList section */
	};
	rootObject = 7E5DF5632FA368DF00032E7D /* Project object */;
}
